
Microsoft Visual Studio Solution File, Format Version 12.00
# Visual Studio Version 17
VisualStudioVersion = 17.14.36603.0 d17.14
MinimumVisualStudioVersion = 10.0.40219.1
Project("{FAE04EC0-301F-11D3-BF4B-00C04F79EFBC}") = "WaterStation", "WaterStation.csproj", "{304C4C52-36C7-4715-8DE9-FC6EEACFCB3C}"
EndProject
Global
	GlobalSection(SolutionConfigurationPlatforms) = preSolution
		Debug|Any CPU = Debug|Any CPU
		Release|Any CPU = Release|Any CPU
	EndGlobalSection
	GlobalSection(ProjectConfigurationPlatforms) = postSolution
		{304C4C52-36C7-4715-8DE9-FC6EEACFCB3C}.Debug|Any CPU.ActiveCfg = Debug|Any CPU
		{304C4C52-36C7-4715-8DE9-FC6EEACFCB3C}.Debug|Any CPU.Build.0 = Debug|Any CPU
		{304C4C52-36C7-4715-8DE9-FC6EEACFCB3C}.Release|Any CPU.ActiveCfg = Release|Any CPU
		{304C4C52-36C7-4715-8DE9-FC6EEACFCB3C}.Release|Any CPU.Build.0 = Release|Any CPU
	EndGlobalSection
	GlobalSection(SolutionProperties) = preSolution
		HideSolutionNode = FALSE
	EndGlobalSection
	GlobalSection(ExtensibilityGlobals) = postSolution
		SolutionGuid = {ECF64A0A-417E-42FD-B096-8461F63AE9A2}
	EndGlobalSection
EndGlobal
